
Microsoft Visual Studio Solution File, Format Version 12.00
# Visual Studio Version 17
VisualStudioVersion = 17.0.31903.59
MinimumVisualStudioVersion = 10.0.40219.1
Project("{2150E333-8FDC-42A3-9474-1A3956D46DE8}") = "src", "src", "{827E0CD3-B72D-47B6-A68D-7590B98EB39B}"
EndProject
Project("{FAE04EC0-301F-11D3-BF4B-00C04F79EFBC}") = "TRIO2026.Core", "src\TRIO2026.Core\TRIO2026.Core.csproj", "{203BA424-1E1E-4885-8C73-107D4204740B}"
EndProject
Project("{FAE04EC0-301F-11D3-BF4B-00C04F79EFBC}") = "TRIO2026.Data", "src\TRIO2026.Data\TRIO2026.Data.csproj", "{17A39414-A1A8-4DF3-A743-C1E5DD7BF283}"
EndProject
Project("{FAE04EC0-301F-11D3-BF4B-00C04F79EFBC}") = "TRIO2026.App", "src\TRIO2026.App\TRIO2026.App.csproj", "{720ECA8A-D733-459E-97E8-F00CEA6F28B1}"
EndProject
Project("{2150E333-8FDC-42A3-9474-1A3956D46DE8}") = "tools", "tools", "{07C2787E-EAC7-C090-1BA3-A61EC2A24D84}"
EndProject
Project("{FAE04EC0-301F-11D3-BF4B-00C04F79EFBC}") = "DbInitializer", "tools\DbInitializer\DbInitializer.csproj", "{A4FC690C-33D3-43F6-93F9-D976FC9C3BAE}"
EndProject
Project("{FAE04EC0-301F-11D3-BF4B-00C04F79EFBC}") = "DevLauncher", "tools\DevLauncher\DevLauncher.csproj", "{053705ED-A176-488A-B923-9517216B35B0}"
EndProject
Project("{2150E333-8FDC-42A3-9474-1A3956D46DE8}") = "Tools", "Tools", "{5395DC18-37A0-404F-895E-A13D9FFECABA}"
EndProject
Project("{FAE04EC0-301F-11D3-BF4B-00C04F79EFBC}") = "TRIO2026.Simulator", "src\Tools\TRIO2026.Simulator\TRIO2026.Simulator.csproj", "{9A7B527A-C2D0-4823-AAD8-559CF67AFE49}"
EndProject
Global
	GlobalSection(SolutionConfigurationPlatforms) = preSolution
		Debug|Any CPU = Debug|Any CPU
		Debug|x64 = Debug|x64
		Debug|x86 = Debug|x86
		Release|Any CPU = Release|Any CPU
		Release|x64 = Release|x64
		Release|x86 = Release|x86
	EndGlobalSection
	GlobalSection(ProjectConfigurationPlatforms) = postSolution
		{203BA424-1E1E-4885-8C73-107D4204740B}.Debug|Any CPU.ActiveCfg = Debug|Any CPU
		{203BA424-1E1E-4885-8C73-107D4204740B}.Debug|Any CPU.Build.0 = Debug|Any CPU
		{203BA424-1E1E-4885-8C73-107D4204740B}.Debug|x64.ActiveCfg = Debug|Any CPU
		{203BA424-1E1E-4885-8C73-107D4204740B}.Debug|x64.Build.0 = Debug|Any CPU
		{203BA424-1E1E-4885-8C73-107D4204740B}.Debug|x86.ActiveCfg = Debug|Any CPU
		{203BA424-1E1E-4885-8C73-107D4204740B}.Debug|x86.Build.0 = Debug|Any CPU
		{203BA424-1E1E-4885-8C73-107D4204740B}.Release|Any CPU.ActiveCfg = Release|Any CPU
		{203BA424-1E1E-4885-8C73-107D4204740B}.Release|Any CPU.Build.0 = Release|Any CPU
		{203BA424-1E1E-4885-8C73-107D4204740B}.Release|x64.ActiveCfg = Release|Any CPU
		{203BA424-1E1E-4885-8C73-107D4204740B}.Release|x64.Build.0 = Release|Any CPU
		{203BA424-1E1E-4885-8C73-107D4204740B}.Release|x86.ActiveCfg = Release|Any CPU
		{203BA424-1E1E-4885-8C73-107D4204740B}.Release|x86.Build.0 = Release|Any CPU
		{17A39414-A1A8-4DF3-A743-C1E5DD7BF283}.Debug|Any CPU.ActiveCfg = Debug|Any CPU
		{17A39414-A1A8-4DF3-A743-C1E5DD7BF283}.Debug|Any CPU.Build.0 = Debug|Any CPU
		{17A39414-A1A8-4DF3-A743-C1E5DD7BF283}.Debug|x64.ActiveCfg = Debug|Any CPU
		{17A39414-A1A8-4DF3-A743-C1E5DD7BF283}.Debug|x64.Build.0 = Debug|Any CPU
		{17A39414-A1A8-4DF3-A743-C1E5DD7BF283}.Debug|x86.ActiveCfg = Debug|Any CPU
		{17A39414-A1A8-4DF3-A743-C1E5DD7BF283}.Debug|x86.Build.0 = Debug|Any CPU
		{17A39414-A1A8-4DF3-A743-C1E5DD7BF283}.Release|Any CPU.ActiveCfg = Release|Any CPU
		{17A39414-A1A8-4DF3-A743-C1E5DD7BF283}.Release|Any CPU.Build.0 = Release|Any CPU
		{17A39414-A1A8-4DF3-A743-C1E5DD7BF283}.Release|x64.ActiveCfg = Release|Any CPU
		{17A39414-A1A8-4DF3-A743-C1E5DD7BF283}.Release|x64.Build.0 = Release|Any CPU
		{17A39414-A1A8-4DF3-A743-C1E5DD7BF283}.Release|x86.ActiveCfg = Release|Any CPU
		{17A39414-A1A8-4DF3-A743-C1E5DD7BF283}.Release|x86.Build.0 = Release|Any CPU
		{720ECA8A-D733-459E-97E8-F00CEA6F28B1}.Debug|Any CPU.ActiveCfg = Debug|Any CPU
		{720ECA8A-D733-459E-97E8-F00CEA6F28B1}.Debug|Any CPU.Build.0 = Debug|Any CPU
		{720ECA8A-D733-459E-97E8-F00CEA6F28B1}.Debug|x64.ActiveCfg = Debug|Any CPU
		{720ECA8A-D733-459E-97E8-F00CEA6F28B1}.Debug|x64.Build.0 = Debug|Any CPU
		{720ECA8A-D733-459E-97E8-F00CEA6F28B1}.Debug|x86.ActiveCfg = Debug|Any CPU
		{720ECA8A-D733-459E-97E8-F00CEA6F28B1}.Debug|x86.Build.0 = Debug|Any CPU
		{720ECA8A-D733-459E-97E8-F00CEA6F28B1}.Release|Any CPU.ActiveCfg = Release|Any CPU
		{720ECA8A-D733-459E-97E8-F00CEA6F28B1}.Release|Any CPU.Build.0 = Release|Any CPU
		{720ECA8A-D733-459E-97E8-F00CEA6F28B1}.Release|x64.ActiveCfg = Release|Any CPU
		{720ECA8A-D733-459E-97E8-F00CEA6F28B1}.Release|x64.Build.0 = Release|Any CPU
		{720ECA8A-D733-459E-97E8-F00CEA6F28B1}.Release|x86.ActiveCfg = Release|Any CPU
		{720ECA8A-D733-459E-97E8-F00CEA6F28B1}.Release|x86.Build.0 = Release|Any CPU
		{A4FC690C-33D3-43F6-93F9-D976FC9C3BAE}.Debug|Any CPU.ActiveCfg = Debug|Any CPU
		{A4FC690C-33D3-43F6-93F9-D976FC9C3BAE}.Debug|Any CPU.Build.0 = Debug|Any CPU
		{A4FC690C-33D3-43F6-93F9-D976FC9C3BAE}.Debug|x64.ActiveCfg = Debug|Any CPU
		{A4FC690C-33D3-43F6-93F9-D976FC9C3BAE}.Debug|x64.Build.0 = Debug|Any CPU
		{A4FC690C-33D3-43F6-93F9-D976FC9C3BAE}.Debug|x86.ActiveCfg = Debug|Any CPU
		{A4FC690C-33D3-43F6-93F9-D976FC9C3BAE}.Debug|x86.Build.0 = Debug|Any CPU
		{A4FC690C-33D3-43F6-93F9-D976FC9C3BAE}.Release|Any CPU.ActiveCfg = Release|Any CPU
		{A4FC690C-33D3-43F6-93F9-D976FC9C3BAE}.Release|Any CPU.Build.0 = Release|Any CPU
		{A4FC690C-33D3-43F6-93F9-D976FC9C3BAE}.Release|x64.ActiveCfg = Release|Any CPU
		{A4FC690C-33D3-43F6-93F9-D976FC9C3BAE}.Release|x64.Build.0 = Release|Any CPU
		{A4FC690C-33D3-43F6-93F9-D976FC9C3BAE}.Release|x86.ActiveCfg = Release|Any CPU
		{A4FC690C-33D3-43F6-93F9-D976FC9C3BAE}.Release|x86.Build.0 = Release|Any CPU
		{053705ED-A176-488A-B923-9517216B35B0}.Debug|Any CPU.ActiveCfg = Debug|Any CPU
		{053705ED-A176-488A-B923-9517216B35B0}.Debug|Any CPU.Build.0 = Debug|Any CPU
		{053705ED-A176-488A-B923-9517216B35B0}.Debug|x64.ActiveCfg = Debug|Any CPU
		{053705ED-A176-488A-B923-9517216B35B0}.Debug|x64.Build.0 = Debug|Any CPU
		{053705ED-A176-488A-B923-9517216B35B0}.Debug|x86.ActiveCfg = Debug|Any CPU
		{053705ED-A176-488A-B923-9517216B35B0}.Debug|x86.Build.0 = Debug|Any CPU
		{053705ED-A176-488A-B923-9517216B35B0}.Release|Any CPU.ActiveCfg = Release|Any CPU
		{053705ED-A176-488A-B923-9517216B35B0}.Release|Any CPU.Build.0 = Release|Any CPU
		{053705ED-A176-488A-B923-9517216B35B0}.Release|x64.ActiveCfg = Release|Any CPU
		{053705ED-A176-488A-B923-9517216B35B0}.Release|x64.Build.0 = Release|Any CPU
		{053705ED-A176-488A-B923-9517216B35B0}.Release|x86.ActiveCfg = Release|Any CPU
		{053705ED-A176-488A-B923-9517216B35B0}.Release|x86.Build.0 = Release|Any CPU
		{9A7B527A-C2D0-4823-AAD8-559CF67AFE49}.Debug|Any CPU.ActiveCfg = Debug|Any CPU
		{9A7B527A-C2D0-4823-AAD8-559CF67AFE49}.Debug|Any CPU.Build.0 = Debug|Any CPU
		{9A7B527A-C2D0-4823-AAD8-559CF67AFE49}.Debug|x64.ActiveCfg = Debug|Any CPU
		{9A7B527A-C2D0-4823-AAD8-559CF67AFE49}.Debug|x64.Build.0 = Debug|Any CPU
		{9A7B527A-C2D0-4823-AAD8-559CF67AFE49}.Debug|x86.ActiveCfg = Debug|Any CPU
		{9A7B527A-C2D0-4823-AAD8-559CF67AFE49}.Debug|x86.Build.0 = Debug|Any CPU
		{9A7B527A-C2D0-4823-AAD8-559CF67AFE49}.Release|Any CPU.ActiveCfg = Release|Any CPU
		{9A7B527A-C2D0-4823-AAD8-559CF67AFE49}.Release|Any CPU.Build.0 = Release|Any CPU
		{9A7B527A-C2D0-4823-AAD8-559CF67AFE49}.Release|x64.ActiveCfg = Release|Any CPU
		{9A7B527A-C2D0-4823-AAD8-559CF67AFE49}.Release|x64.Build.0 = Release|Any CPU
		{9A7B527A-C2D0-4823-AAD8-559CF67AFE49}.Release|x86.ActiveCfg = Release|Any CPU
		{9A7B527A-C2D0-4823-AAD8-559CF67AFE49}.Release|x86.Build.0 = Release|Any CPU
	EndGlobalSection
	GlobalSection(SolutionProperties) = preSolution
		HideSolutionNode = FALSE
	EndGlobalSection
	GlobalSection(NestedProjects) = preSolution
		{203BA424-1E1E-4885-8C73-107D4204740B} = {827E0CD3-B72D-47B6-A68D-7590B98EB39B}
		{17A39414-A1A8-4DF3-A743-C1E5DD7BF283} = {827E0CD3-B72D-47B6-A68D-7590B98EB39B}
		{720ECA8A-D733-459E-97E8-F00CEA6F28B1} = {827E0CD3-B72D-47B6-A68D-7590B98EB39B}
		{A4FC690C-33D3-43F6-93F9-D976FC9C3BAE} = {07C2787E-EAC7-C090-1BA3-A61EC2A24D84}
		{053705ED-A176-488A-B923-9517216B35B0} = {07C2787E-EAC7-C090-1BA3-A61EC2A24D84}
		{5395DC18-37A0-404F-895E-A13D9FFECABA} = {827E0CD3-B72D-47B6-A68D-7590B98EB39B}
		{9A7B527A-C2D0-4823-AAD8-559CF67AFE49} = {5395DC18-37A0-404F-895E-A13D9FFECABA}
	EndGlobalSection
EndGlobal
